
Microsoft Visual Studio Solution File, Format Version 12.00
# Visual Studio 15
VisualStudioVersion = 15.0.28010.2048
MinimumVisualStudioVersion = 10.0.40219.1
Project("{FAE04EC0-301F-11D3-BF4B-00C04F79EFBC}") = "Hisham_Assignment_3", "Hisham_Assignment_3\Hisham_Assignment_3.csproj", "{6613A966-947E-49F7-848B-B730FB9B06B0}"
EndProject
Global
	GlobalSection(SolutionConfigurationPlatforms) = preSolution
		Debug|Any CPU = Debug|Any CPU
		Release|Any CPU = Release|Any CPU
	EndGlobalSection
	GlobalSection(ProjectConfigurationPlatforms) = postSolution
		{6613A966-947E-49F7-848B-B730FB9B06B0}.Debug|Any CPU.ActiveCfg = Debug|Any CPU
		{6613A966-947E-49F7-848B-B730FB9B06B0}.Debug|Any CPU.Build.0 = Debug|Any CPU
		{6613A966-947E-49F7-848B-B730FB9B06B0}.Release|Any CPU.ActiveCfg = Release|Any CPU
		{6613A966-947E-49F7-848B-B730FB9B06B0}.Release|Any CPU.Build.0 = Release|Any CPU
	EndGlobalSection
	GlobalSection(SolutionProperties) = preSolution
		HideSolutionNode = FALSE
	EndGlobalSection
	GlobalSection(ExtensibilityGlobals) = postSolution
		SolutionGuid = {591719D8-6377-4B55-9003-08EB489C41B5}
	EndGlobalSection
EndGlobal
